// !$*UTF8*$!
{
	archiveVersion = 1;
	classes = {
	};
	objectVersion = 51;
	objects = {

/* Begin PBXBuildFile section */
		4864F699E4E42256EC3685A0 /* Pods_Cinetopzasso.framework in Frameworks */ = {isa = PBXBuildFile; fileRef = 2A8F0305F0431BDBBD57FEA5 /* Pods_Cinetopzasso.framework */; };
		5A17D95D23EB3C4A00204AE6 /* ForgotPasswordController.swift in Sources */ = {isa = PBXBuildFile; fileRef = 5A17D95C23EB3C4A00204AE6 /* ForgotPasswordController.swift */; };
		5A1F825D23E99C70003B453B /* HomeViewController.swift in Sources */ = {isa = PBXBuildFile; fileRef = 5A1F825B23E99C70003B453B /* HomeViewController.swift */; };
		5A1F825E23E99C70003B453B /* HomeViewController.xib in Resources */ = {isa = PBXBuildFile; fileRef = 5A1F825C23E99C70003B453B /* HomeViewController.xib */; };
		5A1F826023E99CB8003B453B /* AppCoordinator.swift in Sources */ = {isa = PBXBuildFile; fileRef = 5A1F825F23E99CB8003B453B /* AppCoordinator.swift */; };
		5A1F826223E99CC5003B453B /* BaseCoordinator.swift in Sources */ = {isa = PBXBuildFile; fileRef = 5A1F826123E99CC5003B453B /* BaseCoordinator.swift */; };
		5A1F826423E99CD1003B453B /* LoginCoordinator.swift in Sources */ = {isa = PBXBuildFile; fileRef = 5A1F826323E99CD1003B453B /* LoginCoordinator.swift */; };
		5A22C0AB23ED96870065A458 /* MoviesTableViewCell.swift in Sources */ = {isa = PBXBuildFile; fileRef = 5A22C0A923ED96870065A458 /* MoviesTableViewCell.swift */; };
		5A22C0AC23ED96870065A458 /* MoviesTableViewCell.xib in Resources */ = {isa = PBXBuildFile; fileRef = 5A22C0AA23ED96870065A458 /* MoviesTableViewCell.xib */; };
		5A22C0AE23ED9E400065A458 /* HomeController.swift in Sources */ = {isa = PBXBuildFile; fileRef = 5A22C0AD23ED9E400065A458 /* HomeController.swift */; };
		5A22C0B123EDD5730065A458 /* TabBarViewController.swift in Sources */ = {isa = PBXBuildFile; fileRef = 5A22C0B023EDD5730065A458 /* TabBarViewController.swift */; };
		5A28E49823EC447100A3C2E2 /* UserPreferencesManager.swift in Sources */ = {isa = PBXBuildFile; fileRef = 5A28E49723EC447100A3C2E2 /* UserPreferencesManager.swift */; };
		5A28E49D23EC49CF00A3C2E2 /* RegisterMovieViewController.swift in Sources */ = {isa = PBXBuildFile; fileRef = 5A28E49B23EC49CF00A3C2E2 /* RegisterMovieViewController.swift */; };
		5A28E49E23EC49CF00A3C2E2 /* RegisterMovieViewController.xib in Resources */ = {isa = PBXBuildFile; fileRef = 5A28E49C23EC49CF00A3C2E2 /* RegisterMovieViewController.xib */; };
		5A28E4A023EC73BF00A3C2E2 /* MoviesService.swift in Sources */ = {isa = PBXBuildFile; fileRef = 5A28E49F23EC73BF00A3C2E2 /* MoviesService.swift */; };
		5A28E4A223EC73CD00A3C2E2 /* Movie.swift in Sources */ = {isa = PBXBuildFile; fileRef = 5A28E4A123EC73CD00A3C2E2 /* Movie.swift */; };
		5A352F1323E9EE93001DC066 /* LoginController.swift in Sources */ = {isa = PBXBuildFile; fileRef = 5A352F1223E9EE93001DC066 /* LoginController.swift */; };
		5A352F1723E9FA0C001DC066 /* User.swift in Sources */ = {isa = PBXBuildFile; fileRef = 5A352F1623E9FA0C001DC066 /* User.swift */; };
		5A352F1923E9FA19001DC066 /* SecurityService.swift in Sources */ = {isa = PBXBuildFile; fileRef = 5A352F1823E9FA19001DC066 /* SecurityService.swift */; };
		5A352F1B23E9FD4C001DC066 /* HomeCoordinator.swift in Sources */ = {isa = PBXBuildFile; fileRef = 5A352F1A23E9FD4C001DC066 /* HomeCoordinator.swift */; };
		5A352F1F23E9FF35001DC066 /* SplashViewController.swift in Sources */ = {isa = PBXBuildFile; fileRef = 5A352F1D23E9FF35001DC066 /* SplashViewController.swift */; };
		5A352F2023E9FF35001DC066 /* SplashViewController.xib in Resources */ = {isa = PBXBuildFile; fileRef = 5A352F1E23E9FF35001DC066 /* SplashViewController.xib */; };
		5A9E961A23EDFF52002BECE6 /* DetailsViewController.swift in Sources */ = {isa = PBXBuildFile; fileRef = 5A9E961823EDFF52002BECE6 /* DetailsViewController.swift */; };
		5A9E961B23EDFF52002BECE6 /* DetailsViewController.xib in Resources */ = {isa = PBXBuildFile; fileRef = 5A9E961923EDFF52002BECE6 /* DetailsViewController.xib */; };
		5A9E961D23EDFF5E002BECE6 /* DetailsController.swift in Sources */ = {isa = PBXBuildFile; fileRef = 5A9E961C23EDFF5E002BECE6 /* DetailsController.swift */; };
		5ACCC0A423E89E3D009B3B49 /* AppDelegate.swift in Sources */ = {isa = PBXBuildFile; fileRef = 5ACCC0A323E89E3D009B3B49 /* AppDelegate.swift */; };
		5ACCC0A823E89E3D009B3B49 /* ViewController.swift in Sources */ = {isa = PBXBuildFile; fileRef = 5ACCC0A723E89E3D009B3B49 /* ViewController.swift */; };
		5ACCC0AD23E89E3E009B3B49 /* Assets.xcassets in Resources */ = {isa = PBXBuildFile; fileRef = 5ACCC0AC23E89E3E009B3B49 /* Assets.xcassets */; };
		5ACCC0BB23E89E3F009B3B49 /* CinetopzassoTests.swift in Sources */ = {isa = PBXBuildFile; fileRef = 5ACCC0BA23E89E3F009B3B49 /* CinetopzassoTests.swift */; };
		5ACCC0C823E89E8C009B3B49 /* LoginViewController.swift in Sources */ = {isa = PBXBuildFile; fileRef = 5ACCC0C623E89E8C009B3B49 /* LoginViewController.swift */; };
		5ACCC0C923E89E8C009B3B49 /* LoginViewController.xib in Resources */ = {isa = PBXBuildFile; fileRef = 5ACCC0C723E89E8C009B3B49 /* LoginViewController.xib */; };
		5ACCC0CF23E8B37D009B3B49 /* ForgotPasswordViewController.swift in Sources */ = {isa = PBXBuildFile; fileRef = 5ACCC0CD23E8B37D009B3B49 /* ForgotPasswordViewController.swift */; };
		5ACCC0D023E8B37D009B3B49 /* ForgotPasswordViewController.xib in Resources */ = {isa = PBXBuildFile; fileRef = 5ACCC0CE23E8B37D009B3B49 /* ForgotPasswordViewController.xib */; };
		856805C723EFB637004C7983 /* RegisterViewController.swift in Sources */ = {isa = PBXBuildFile; fileRef = 856805C523EFB637004C7983 /* RegisterViewController.swift */; };
		856805C823EFB637004C7983 /* RegisterViewController.xib in Resources */ = {isa = PBXBuildFile; fileRef = 856805C623EFB637004C7983 /* RegisterViewController.xib */; };
		858A173923EFBB1A009321C1 /* RegisterController.swift in Sources */ = {isa = PBXBuildFile; fileRef = 858A173823EFBB1A009321C1 /* RegisterController.swift */; };
		CCD39E794575AF495A46F870 /* Pods_CinetopzassoTests.framework in Frameworks */ = {isa = PBXBuildFile; fileRef = 12E96A19B554EFA6388CED79 /* Pods_CinetopzassoTests.framework */; };
/* End PBXBuildFile section */

/* Begin PBXContainerItemProxy section */
		5ACCC0B723E89E3F009B3B49 /* PBXContainerItemProxy */ = {
			isa = PBXContainerItemProxy;
			containerPortal = 5ACCC09823E89E3D009B3B49 /* Project object */;
			proxyType = 1;
			remoteGlobalIDString = 5ACCC09F23E89E3D009B3B49;
			remoteInfo = Cinetopzasso;
		};
/* End PBXContainerItemProxy section */

/* Begin PBXFileReference section */
		12E96A19B554EFA6388CED79 /* Pods_CinetopzassoTests.framework */ = {isa = PBXFileReference; explicitFileType = wrapper.framework; includeInIndex = 0; path = Pods_CinetopzassoTests.framework; sourceTree = BUILT_PRODUCTS_DIR; };
		153F0993CF95C76800B9F93B /* Pods-CinetopzassoTests.debug.xcconfig */ = {isa = PBXFileReference; includeInIndex = 1; lastKnownFileType = text.xcconfig; name = "Pods-CinetopzassoTests.debug.xcconfig"; path = "Target Support Files/Pods-CinetopzassoTests/Pods-CinetopzassoTests.debug.xcconfig"; sourceTree = "<group>"; };
		22130E501AF685B9B1D05781 /* Pods-Cinetopzasso.debug.xcconfig */ = {isa = PBXFileReference; includeInIndex = 1; lastKnownFileType = text.xcconfig; name = "Pods-Cinetopzasso.debug.xcconfig"; path = "Target Support Files/Pods-Cinetopzasso/Pods-Cinetopzasso.debug.xcconfig"; sourceTree = "<group>"; };
		2A8F0305F0431BDBBD57FEA5 /* Pods_Cinetopzasso.framework */ = {isa = PBXFileReference; explicitFileType = wrapper.framework; includeInIndex = 0; path = Pods_Cinetopzasso.framework; sourceTree = BUILT_PRODUCTS_DIR; };
		5A17D95C23EB3C4A00204AE6 /* ForgotPasswordController.swift */ = {isa = PBXFileReference; lastKnownFileType = sourcecode.swift; path = ForgotPasswordController.swift; sourceTree = "<group>"; };
		5A1F825B23E99C70003B453B /* HomeViewController.swift */ = {isa = PBXFileReference; lastKnownFileType = sourcecode.swift; path = HomeViewController.swift; sourceTree = "<group>"; };
		5A1F825C23E99C70003B453B /* HomeViewController.xib */ = {isa = PBXFileReference; lastKnownFileType = file.xib; path = HomeViewController.xib; sourceTree = "<group>"; };
		5A1F825F23E99CB8003B453B /* AppCoordinator.swift */ = {isa = PBXFileReference; lastKnownFileType = sourcecode.swift; path = AppCoordinator.swift; sourceTree = "<group>"; };
		5A1F826123E99CC5003B453B /* BaseCoordinator.swift */ = {isa = PBXFileReference; lastKnownFileType = sourcecode.swift; path = BaseCoordinator.swift; sourceTree = "<group>"; };
		5A1F826323E99CD1003B453B /* LoginCoordinator.swift */ = {isa = PBXFileReference; lastKnownFileType = sourcecode.swift; path = LoginCoordinator.swift; sourceTree = "<group>"; };
		5A22C0A923ED96870065A458 /* MoviesTableViewCell.swift */ = {isa = PBXFileReference; lastKnownFileType = sourcecode.swift; path = MoviesTableViewCell.swift; sourceTree = "<group>"; };
		5A22C0AA23ED96870065A458 /* MoviesTableViewCell.xib */ = {isa = PBXFileReference; lastKnownFileType = file.xib; path = MoviesTableViewCell.xib; sourceTree = "<group>"; };
		5A22C0AD23ED9E400065A458 /* HomeController.swift */ = {isa = PBXFileReference; lastKnownFileType = sourcecode.swift; path = HomeController.swift; sourceTree = "<group>"; };
		5A22C0B023EDD5730065A458 /* TabBarViewController.swift */ = {isa = PBXFileReference; lastKnownFileType = sourcecode.swift; path = TabBarViewController.swift; sourceTree = "<group>"; };
		5A28E49723EC447100A3C2E2 /* UserPreferencesManager.swift */ = {isa = PBXFileReference; lastKnownFileType = sourcecode.swift; path = UserPreferencesManager.swift; sourceTree = "<group>"; };
		5A28E49B23EC49CF00A3C2E2 /* RegisterMovieViewController.swift */ = {isa = PBXFileReference; lastKnownFileType = sourcecode.swift; path = RegisterMovieViewController.swift; sourceTree = "<group>"; };
		5A28E49C23EC49CF00A3C2E2 /* RegisterMovieViewController.xib */ = {isa = PBXFileReference; lastKnownFileType = file.xib; path = RegisterMovieViewController.xib; sourceTree = "<group>"; };
		5A28E49F23EC73BF00A3C2E2 /* MoviesService.swift */ = {isa = PBXFileReference; lastKnownFileType = sourcecode.swift; path = MoviesService.swift; sourceTree = "<group>"; };
		5A28E4A123EC73CD00A3C2E2 /* Movie.swift */ = {isa = PBXFileReference; lastKnownFileType = sourcecode.swift; path = Movie.swift; sourceTree = "<group>"; };
		5A352F1223E9EE93001DC066 /* LoginController.swift */ = {isa = PBXFileReference; lastKnownFileType = sourcecode.swift; path = LoginController.swift; sourceTree = "<group>"; };
		5A352F1623E9FA0C001DC066 /* User.swift */ = {isa = PBXFileReference; lastKnownFileType = sourcecode.swift; path = User.swift; sourceTree = "<group>"; };
		5A352F1823E9FA19001DC066 /* SecurityService.swift */ = {isa = PBXFileReference; lastKnownFileType = sourcecode.swift; path = SecurityService.swift; sourceTree = "<group>"; };
		5A352F1A23E9FD4C001DC066 /* HomeCoordinator.swift */ = {isa = PBXFileReference; lastKnownFileType = sourcecode.swift; path = HomeCoordinator.swift; sourceTree = "<group>"; };
		5A352F1D23E9FF35001DC066 /* SplashViewController.swift */ = {isa = PBXFileReference; lastKnownFileType = sourcecode.swift; path = SplashViewController.swift; sourceTree = "<group>"; };
		5A352F1E23E9FF35001DC066 /* SplashViewController.xib */ = {isa = PBXFileReference; lastKnownFileType = file.xib; path = SplashViewController.xib; sourceTree = "<group>"; };
		5A9E961823EDFF52002BECE6 /* DetailsViewController.swift */ = {isa = PBXFileReference; lastKnownFileType = sourcecode.swift; path = DetailsViewController.swift; sourceTree = "<group>"; };
		5A9E961923EDFF52002BECE6 /* DetailsViewController.xib */ = {isa = PBXFileReference; lastKnownFileType = file.xib; path = DetailsViewController.xib; sourceTree = "<group>"; };
		5A9E961C23EDFF5E002BECE6 /* DetailsController.swift */ = {isa = PBXFileReference; lastKnownFileType = sourcecode.swift; path = DetailsController.swift; sourceTree = "<group>"; };
		5ACCC0A023E89E3D009B3B49 /* Cinetopzasso.app */ = {isa = PBXFileReference; explicitFileType = wrapper.application; includeInIndex = 0; path = Cinetopzasso.app; sourceTree = BUILT_PRODUCTS_DIR; };
		5ACCC0A323E89E3D009B3B49 /* AppDelegate.swift */ = {isa = PBXFileReference; lastKnownFileType = sourcecode.swift; path = AppDelegate.swift; sourceTree = "<group>"; };
		5ACCC0A723E89E3D009B3B49 /* ViewController.swift */ = {isa = PBXFileReference; lastKnownFileType = sourcecode.swift; path = ViewController.swift; sourceTree = "<group>"; };
		5ACCC0AC23E89E3E009B3B49 /* Assets.xcassets */ = {isa = PBXFileReference; lastKnownFileType = folder.assetcatalog; path = Assets.xcassets; sourceTree = "<group>"; };
		5ACCC0B123E89E3E009B3B49 /* Info.plist */ = {isa = PBXFileReference; lastKnownFileType = text.plist.xml; path = Info.plist; sourceTree = "<group>"; };
		5ACCC0B623E89E3F009B3B49 /* CinetopzassoTests.xctest */ = {isa = PBXFileReference; explicitFileType = wrapper.cfbundle; includeInIndex = 0; path = CinetopzassoTests.xctest; sourceTree = BUILT_PRODUCTS_DIR; };
		5ACCC0BA23E89E3F009B3B49 /* CinetopzassoTests.swift */ = {isa = PBXFileReference; lastKnownFileType = sourcecode.swift; path = CinetopzassoTests.swift; sourceTree = "<group>"; };
		5ACCC0BC23E89E3F009B3B49 /* Info.plist */ = {isa = PBXFileReference; lastKnownFileType = text.plist.xml; path = Info.plist; sourceTree = "<group>"; };
		5ACCC0C623E89E8C009B3B49 /* LoginViewController.swift */ = {isa = PBXFileReference; lastKnownFileType = sourcecode.swift; path = LoginViewController.swift; sourceTree = "<group>"; };
		5ACCC0C723E89E8C009B3B49 /* LoginViewController.xib */ = {isa = PBXFileReference; lastKnownFileType = file.xib; path = LoginViewController.xib; sourceTree = "<group>"; };
		5ACCC0CD23E8B37D009B3B49 /* ForgotPasswordViewController.swift */ = {isa = PBXFileReference; lastKnownFileType = sourcecode.swift; path = ForgotPasswordViewController.swift; sourceTree = "<group>"; };
		5ACCC0CE23E8B37D009B3B49 /* ForgotPasswordViewController.xib */ = {isa = PBXFileReference; lastKnownFileType = file.xib; path = ForgotPasswordViewController.xib; sourceTree = "<group>"; };
		615220A28365B43A982D9852 /* Pods-CinetopzassoTests.release.xcconfig */ = {isa = PBXFileReference; includeInIndex = 1; lastKnownFileType = text.xcconfig; name = "Pods-CinetopzassoTests.release.xcconfig"; path = "Target Support Files/Pods-CinetopzassoTests/Pods-CinetopzassoTests.release.xcconfig"; sourceTree = "<group>"; };
		856805C523EFB637004C7983 /* RegisterViewController.swift */ = {isa = PBXFileReference; lastKnownFileType = sourcecode.swift; path = RegisterViewController.swift; sourceTree = "<group>"; };
		856805C623EFB637004C7983 /* RegisterViewController.xib */ = {isa = PBXFileReference; lastKnownFileType = file.xib; path = RegisterViewController.xib; sourceTree = "<group>"; };
		858A173823EFBB1A009321C1 /* RegisterController.swift */ = {isa = PBXFileReference; lastKnownFileType = sourcecode.swift; path = RegisterController.swift; sourceTree = "<group>"; };
		AA5AA4FFB2679B7C9B426884 /* Pods-Cinetopzasso.release.xcconfig */ = {isa = PBXFileReference; includeInIndex = 1; lastKnownFileType = text.xcconfig; name = "Pods-Cinetopzasso.release.xcconfig"; path = "Target Support Files/Pods-Cinetopzasso/Pods-Cinetopzasso.release.xcconfig"; sourceTree = "<group>"; };
/* End PBXFileReference section */

/* Begin PBXFrameworksBuildPhase section */
		5ACCC09D23E89E3D009B3B49 /* Frameworks */ = {
			isa = PBXFrameworksBuildPhase;
			buildActionMask = 2147483647;
			files = (
				4864F699E4E42256EC3685A0 /* Pods_Cinetopzasso.framework in Frameworks */,
			);
			runOnlyForDeploymentPostprocessing = 0;
		};
		5ACCC0B323E89E3F009B3B49 /* Frameworks */ = {
			isa = PBXFrameworksBuildPhase;
			buildActionMask = 2147483647;
			files = (
				CCD39E794575AF495A46F870 /* Pods_CinetopzassoTests.framework in Frameworks */,
			);
			runOnlyForDeploymentPostprocessing = 0;
		};
/* End PBXFrameworksBuildPhase section */

/* Begin PBXGroup section */
		2BF7893FA268E188AD41CD7E /* Pods */ = {
			isa = PBXGroup;
			children = (
				22130E501AF685B9B1D05781 /* Pods-Cinetopzasso.debug.xcconfig */,
				AA5AA4FFB2679B7C9B426884 /* Pods-Cinetopzasso.release.xcconfig */,
				153F0993CF95C76800B9F93B /* Pods-CinetopzassoTests.debug.xcconfig */,
				615220A28365B43A982D9852 /* Pods-CinetopzassoTests.release.xcconfig */,
			);
			path = Pods;
			sourceTree = "<group>";
		};
		5A1F825923E99C4F003B453B /* Home */ = {
			isa = PBXGroup;
			children = (
				5A22C0A623ED956F0065A458 /* MovieList */,
				5A28E49923EC497E00A3C2E2 /* RegisterMovie */,
				5A28E49A23EC49AB00A3C2E2 /* DetailsMovie */,
			);
			path = Home;
			sourceTree = "<group>";
		};
		5A1F825A23E99C5A003B453B /* Coordinators */ = {
			isa = PBXGroup;
			children = (
				5A1F826123E99CC5003B453B /* BaseCoordinator.swift */,
				5A1F825F23E99CB8003B453B /* AppCoordinator.swift */,
				5A1F826323E99CD1003B453B /* LoginCoordinator.swift */,
				5A352F1A23E9FD4C001DC066 /* HomeCoordinator.swift */,
			);
			path = Coordinators;
			sourceTree = "<group>";
		};
		5A22C0A623ED956F0065A458 /* MovieList */ = {
			isa = PBXGroup;
			children = (
				5A1F825B23E99C70003B453B /* HomeViewController.swift */,
				5A1F825C23E99C70003B453B /* HomeViewController.xib */,
				5A22C0AD23ED9E400065A458 /* HomeController.swift */,
				5A22C0A923ED96870065A458 /* MoviesTableViewCell.swift */,
				5A22C0AA23ED96870065A458 /* MoviesTableViewCell.xib */,
			);
			path = MovieList;
			sourceTree = "<group>";
		};
		5A22C0AF23EDD5460065A458 /* TabBar */ = {
			isa = PBXGroup;
			children = (
				5A22C0B023EDD5730065A458 /* TabBarViewController.swift */,
			);
			path = TabBar;
			sourceTree = "<group>";
		};
		5A28E49923EC497E00A3C2E2 /* RegisterMovie */ = {
			isa = PBXGroup;
			children = (
				5A28E49B23EC49CF00A3C2E2 /* RegisterMovieViewController.swift */,
				5A28E49C23EC49CF00A3C2E2 /* RegisterMovieViewController.xib */,
			);
			path = RegisterMovie;
			sourceTree = "<group>";
		};
		5A28E49A23EC49AB00A3C2E2 /* DetailsMovie */ = {
			isa = PBXGroup;
			children = (
				5A9E961823EDFF52002BECE6 /* DetailsViewController.swift */,
				5A9E961923EDFF52002BECE6 /* DetailsViewController.xib */,
				5A9E961C23EDFF5E002BECE6 /* DetailsController.swift */,
			);
			path = DetailsMovie;
			sourceTree = "<group>";
		};
		5A352F1423E9F9FB001DC066 /* Services */ = {
			isa = PBXGroup;
			children = (
				5A352F1823E9FA19001DC066 /* SecurityService.swift */,
				5A28E49723EC447100A3C2E2 /* UserPreferencesManager.swift */,
				5A28E49F23EC73BF00A3C2E2 /* MoviesService.swift */,
			);
			path = Services;
			sourceTree = "<group>";
		};
		5A352F1523E9FA00001DC066 /* Models */ = {
			isa = PBXGroup;
			children = (
				5A352F1623E9FA0C001DC066 /* User.swift */,
				5A28E4A123EC73CD00A3C2E2 /* Movie.swift */,
			);
			path = Models;
			sourceTree = "<group>";
		};
		5A352F1C23E9FF1F001DC066 /* Splash */ = {
			isa = PBXGroup;
			children = (
				5A352F1D23E9FF35001DC066 /* SplashViewController.swift */,
				5A352F1E23E9FF35001DC066 /* SplashViewController.xib */,
			);
			path = Splash;
			sourceTree = "<group>";
		};
		5ACCC09723E89E3D009B3B49 = {
			isa = PBXGroup;
			children = (
				5ACCC0A223E89E3D009B3B49 /* Cinetopzasso */,
				5ACCC0B923E89E3F009B3B49 /* CinetopzassoTests */,
				5ACCC0A123E89E3D009B3B49 /* Products */,
				2BF7893FA268E188AD41CD7E /* Pods */,
				B0FAAA6C4902F6D8FDE26185 /* Frameworks */,
			);
			sourceTree = "<group>";
		};
		5ACCC0A123E89E3D009B3B49 /* Products */ = {
			isa = PBXGroup;
			children = (
				5ACCC0A023E89E3D009B3B49 /* Cinetopzasso.app */,
				5ACCC0B623E89E3F009B3B49 /* CinetopzassoTests.xctest */,
			);
			name = Products;
			sourceTree = "<group>";
		};
		5ACCC0A223E89E3D009B3B49 /* Cinetopzasso */ = {
			isa = PBXGroup;
			children = (
				5A22C0AF23EDD5460065A458 /* TabBar */,
				5A1F825A23E99C5A003B453B /* Coordinators */,
				5A352F1C23E9FF1F001DC066 /* Splash */,
				5ACCC0C523E89E7C009B3B49 /* Login */,
				5A1F825923E99C4F003B453B /* Home */,
				5A352F1423E9F9FB001DC066 /* Services */,
				5A352F1523E9FA00001DC066 /* Models */,
				5ACCC0A323E89E3D009B3B49 /* AppDelegate.swift */,
				5ACCC0A723E89E3D009B3B49 /* ViewController.swift */,
				5ACCC0AC23E89E3E009B3B49 /* Assets.xcassets */,
				5ACCC0B123E89E3E009B3B49 /* Info.plist */,
			);
			path = Cinetopzasso;
			sourceTree = "<group>";
		};
		5ACCC0B923E89E3F009B3B49 /* CinetopzassoTests */ = {
			isa = PBXGroup;
			children = (
				5ACCC0BA23E89E3F009B3B49 /* CinetopzassoTests.swift */,
				5ACCC0BC23E89E3F009B3B49 /* Info.plist */,
			);
			path = CinetopzassoTests;
			sourceTree = "<group>";
		};
		5ACCC0C523E89E7C009B3B49 /* Login */ = {
			isa = PBXGroup;
			children = (
				5ACCC0CC23E8B35E009B3B49 /* Login */,
				5ACCC0CA23E8B32E009B3B49 /* ForgotPassword */,
				5ACCC0CB23E8B33B009B3B49 /* Register */,
			);
			path = Login;
			sourceTree = "<group>";
		};
		5ACCC0CA23E8B32E009B3B49 /* ForgotPassword */ = {
			isa = PBXGroup;
			children = (
				5ACCC0CD23E8B37D009B3B49 /* ForgotPasswordViewController.swift */,
				5ACCC0CE23E8B37D009B3B49 /* ForgotPasswordViewController.xib */,
				5A17D95C23EB3C4A00204AE6 /* ForgotPasswordController.swift */,
			);
			path = ForgotPassword;
			sourceTree = "<group>";
		};
		5ACCC0CB23E8B33B009B3B49 /* Register */ = {
			isa = PBXGroup;
			children = (
				856805C523EFB637004C7983 /* RegisterViewController.swift */,
				856805C623EFB637004C7983 /* RegisterViewController.xib */,
				858A173823EFBB1A009321C1 /* RegisterController.swift */,
			);
			path = Register;
			sourceTree = "<group>";
		};
		5ACCC0CC23E8B35E009B3B49 /* Login */ = {
			isa = PBXGroup;
			children = (
				5ACCC0C623E89E8C009B3B49 /* LoginViewController.swift */,
				5ACCC0C723E89E8C009B3B49 /* LoginViewController.xib */,
				5A352F1223E9EE93001DC066 /* LoginController.swift */,
			);
			path = Login;
			sourceTree = "<group>";
		};
		B0FAAA6C4902F6D8FDE26185 /* Frameworks */ = {
			isa = PBXGroup;
			children = (
				2A8F0305F0431BDBBD57FEA5 /* Pods_Cinetopzasso.framework */,
				12E96A19B554EFA6388CED79 /* Pods_CinetopzassoTests.framework */,
			);
			name = Frameworks;
			sourceTree = "<group>";
		};
/* End PBXGroup section */

/* Begin PBXNativeTarget section */
		5ACCC09F23E89E3D009B3B49 /* Cinetopzasso */ = {
			isa = PBXNativeTarget;
			buildConfigurationList = 5ACCC0BF23E89E3F009B3B49 /* Build configuration list for PBXNativeTarget "Cinetopzasso" */;
			buildPhases = (
				AEF36017A185153F1F1CA507 /* [CP] Check Pods Manifest.lock */,
				5ACCC09C23E89E3D009B3B49 /* Sources */,
				5ACCC09D23E89E3D009B3B49 /* Frameworks */,
				5ACCC09E23E89E3D009B3B49 /* Resources */,
				15DE5389E96BD7878B60CE1E /* [CP] Embed Pods Frameworks */,
			);
			buildRules = (
			);
			dependencies = (
			);
			name = Cinetopzasso;
			productName = Cinetopzasso;
			productReference = 5ACCC0A023E89E3D009B3B49 /* Cinetopzasso.app */;
			productType = "com.apple.product-type.application";
		};
		5ACCC0B523E89E3F009B3B49 /* CinetopzassoTests */ = {
			isa = PBXNativeTarget;
			buildConfigurationList = 5ACCC0C223E89E3F009B3B49 /* Build configuration list for PBXNativeTarget "CinetopzassoTests" */;
			buildPhases = (
				64540B47ED53D5B8D6876191 /* [CP] Check Pods Manifest.lock */,
				5ACCC0B223E89E3F009B3B49 /* Sources */,
				5ACCC0B323E89E3F009B3B49 /* Frameworks */,
				5ACCC0B423E89E3F009B3B49 /* Resources */,
			);
			buildRules = (
			);
			dependencies = (
				5ACCC0B823E89E3F009B3B49 /* PBXTargetDependency */,
			);
			name = CinetopzassoTests;
			productName = CinetopzassoTests;
			productReference = 5ACCC0B623E89E3F009B3B49 /* CinetopzassoTests.xctest */;
			productType = "com.apple.product-type.bundle.unit-test";
		};
/* End PBXNativeTarget section */

/* Begin PBXProject section */
		5ACCC09823E89E3D009B3B49 /* Project object */ = {
			isa = PBXProject;
			attributes = {
				LastSwiftUpdateCheck = 1130;
				LastUpgradeCheck = 1130;
				ORGANIZATIONNAME = "Miguel Barone - MBA";
				TargetAttributes = {
					5ACCC09F23E89E3D009B3B49 = {
						CreatedOnToolsVersion = 11.3;
					};
					5ACCC0B523E89E3F009B3B49 = {
						CreatedOnToolsVersion = 11.3;
						TestTargetID = 5ACCC09F23E89E3D009B3B49;
					};
				};
			};
			buildConfigurationList = 5ACCC09B23E89E3D009B3B49 /* Build configuration list for PBXProject "Cinetopzasso" */;
			compatibilityVersion = "Xcode 9.3";
			developmentRegion = en;
			hasScannedForEncodings = 0;
			knownRegions = (
				en,
				Base,
			);
			mainGroup = 5ACCC09723E89E3D009B3B49;
			productRefGroup = 5ACCC0A123E89E3D009B3B49 /* Products */;
			projectDirPath = "";
			projectRoot = "";
			targets = (
				5ACCC09F23E89E3D009B3B49 /* Cinetopzasso */,
				5ACCC0B523E89E3F009B3B49 /* CinetopzassoTests */,
			);
		};
/* End PBXProject section */

/* Begin PBXResourcesBuildPhase section */
		5ACCC09E23E89E3D009B3B49 /* Resources */ = {
			isa = PBXResourcesBuildPhase;
			buildActionMask = 2147483647;
			files = (
				5ACCC0D023E8B37D009B3B49 /* ForgotPasswordViewController.xib in Resources */,
				5A28E49E23EC49CF00A3C2E2 /* RegisterMovieViewController.xib in Resources */,
				5A352F2023E9FF35001DC066 /* SplashViewController.xib in Resources */,
				5ACCC0AD23E89E3E009B3B49 /* Assets.xcassets in Resources */,
				5ACCC0C923E89E8C009B3B49 /* LoginViewController.xib in Resources */,
				856805C823EFB637004C7983 /* RegisterViewController.xib in Resources */,
				5A22C0AC23ED96870065A458 /* MoviesTableViewCell.xib in Resources */,
				5A1F825E23E99C70003B453B /* HomeViewController.xib in Resources */,
				5A9E961B23EDFF52002BECE6 /* DetailsViewController.xib in Resources */,
			);
			runOnlyForDeploymentPostprocessing = 0;
		};
		5ACCC0B423E89E3F009B3B49 /* Resources */ = {
			isa = PBXResourcesBuildPhase;
			buildActionMask = 2147483647;
			files = (
			);
			runOnlyForDeploymentPostprocessing = 0;
		};
/* End PBXResourcesBuildPhase section */

/* Begin PBXShellScriptBuildPhase section */
		15DE5389E96BD7878B60CE1E /* [CP] Embed Pods Frameworks */ = {
			isa = PBXShellScriptBuildPhase;
			buildActionMask = 2147483647;
			files = (
			);
			inputFileListPaths = (
				"${PODS_ROOT}/Target Support Files/Pods-Cinetopzasso/Pods-Cinetopzasso-frameworks-${CONFIGURATION}-input-files.xcfilelist",
			);
			name = "[CP] Embed Pods Frameworks";
			outputFileListPaths = (
				"${PODS_ROOT}/Target Support Files/Pods-Cinetopzasso/Pods-Cinetopzasso-frameworks-${CONFIGURATION}-output-files.xcfilelist",
			);
			runOnlyForDeploymentPostprocessing = 0;
			shellPath = /bin/sh;
			shellScript = "\"${PODS_ROOT}/Target Support Files/Pods-Cinetopzasso/Pods-Cinetopzasso-frameworks.sh\"\n";
			showEnvVarsInLog = 0;
		};
		64540B47ED53D5B8D6876191 /* [CP] Check Pods Manifest.lock */ = {
			isa = PBXShellScriptBuildPhase;
			buildActionMask = 2147483647;
			files = (
			);
			inputFileListPaths = (
			);
			inputPaths = (
				"${PODS_PODFILE_DIR_PATH}/Podfile.lock",
				"${PODS_ROOT}/Manifest.lock",
			);
			name = "[CP] Check Pods Manifest.lock";
			outputFileListPaths = (
			);
			outputPaths = (
				"$(DERIVED_FILE_DIR)/Pods-CinetopzassoTests-checkManifestLockResult.txt",
			);
			runOnlyForDeploymentPostprocessing = 0;
			shellPath = /bin/sh;
			shellScript = "diff \"${PODS_PODFILE_DIR_PATH}/Podfile.lock\" \"${PODS_ROOT}/Manifest.lock\" > /dev/null\nif [ $? != 0 ] ; then\n    # print error to STDERR\n    echo \"error: The sandbox is not in sync with the Podfile.lock. Run 'pod install' or update your CocoaPods installation.\" >&2\n    exit 1\nfi\n# This output is used by Xcode 'outputs' to avoid re-running this script phase.\necho \"SUCCESS\" > \"${SCRIPT_OUTPUT_FILE_0}\"\n";
			showEnvVarsInLog = 0;
		};
		AEF36017A185153F1F1CA507 /* [CP] Check Pods Manifest.lock */ = {
			isa = PBXShellScriptBuildPhase;
			buildActionMask = 2147483647;
			files = (
			);
			inputFileListPaths = (
			);
			inputPaths = (
				"${PODS_PODFILE_DIR_PATH}/Podfile.lock",
				"${PODS_ROOT}/Manifest.lock",
			);
			name = "[CP] Check Pods Manifest.lock";
			outputFileListPaths = (
			);
			outputPaths = (
				"$(DERIVED_FILE_DIR)/Pods-Cinetopzasso-checkManifestLockResult.txt",
			);
			runOnlyForDeploymentPostprocessing = 0;
			shellPath = /bin/sh;
			shellScript = "diff \"${PODS_PODFILE_DIR_PATH}/Podfile.lock\" \"${PODS_ROOT}/Manifest.lock\" > /dev/null\nif [ $? != 0 ] ; then\n    # print error to STDERR\n    echo \"error: The sandbox is not in sync with the Podfile.lock. Run 'pod install' or update your CocoaPods installation.\" >&2\n    exit 1\nfi\n# This output is used by Xcode 'outputs' to avoid re-running this script phase.\necho \"SUCCESS\" > \"${SCRIPT_OUTPUT_FILE_0}\"\n";
			showEnvVarsInLog = 0;
		};
/* End PBXShellScriptBuildPhase section */

/* Begin PBXSourcesBuildPhase section */
		5ACCC09C23E89E3D009B3B49 /* Sources */ = {
			isa = PBXSourcesBuildPhase;
			buildActionMask = 2147483647;
			files = (
				5A28E4A223EC73CD00A3C2E2 /* Movie.swift in Sources */,
				5A9E961A23EDFF52002BECE6 /* DetailsViewController.swift in Sources */,
				5ACCC0C823E89E8C009B3B49 /* LoginViewController.swift in Sources */,
				856805C723EFB637004C7983 /* RegisterViewController.swift in Sources */,
				5A22C0B123EDD5730065A458 /* TabBarViewController.swift in Sources */,
				5A9E961D23EDFF5E002BECE6 /* DetailsController.swift in Sources */,
				5A22C0AE23ED9E400065A458 /* HomeController.swift in Sources */,
				5A22C0AB23ED96870065A458 /* MoviesTableViewCell.swift in Sources */,
				5A1F826223E99CC5003B453B /* BaseCoordinator.swift in Sources */,
				5A1F826423E99CD1003B453B /* LoginCoordinator.swift in Sources */,
				5A28E49D23EC49CF00A3C2E2 /* RegisterMovieViewController.swift in Sources */,
				5A28E49823EC447100A3C2E2 /* UserPreferencesManager.swift in Sources */,
				5ACCC0CF23E8B37D009B3B49 /* ForgotPasswordViewController.swift in Sources */,
				5ACCC0A823E89E3D009B3B49 /* ViewController.swift in Sources */,
				5A352F1F23E9FF35001DC066 /* SplashViewController.swift in Sources */,
				858A173923EFBB1A009321C1 /* RegisterController.swift in Sources */,
				5A1F826023E99CB8003B453B /* AppCoordinator.swift in Sources */,
				5ACCC0A423E89E3D009B3B49 /* AppDelegate.swift in Sources */,
				5A352F1B23E9FD4C001DC066 /* HomeCoordinator.swift in Sources */,
				5A17D95D23EB3C4A00204AE6 /* ForgotPasswordController.swift in Sources */,
				5A1F825D23E99C70003B453B /* HomeViewController.swift in Sources */,
				5A28E4A023EC73BF00A3C2E2 /* MoviesService.swift in Sources */,
				5A352F1923E9FA19001DC066 /* SecurityService.swift in Sources */,
				5A352F1323E9EE93001DC066 /* LoginController.swift in Sources */,
				5A352F1723E9FA0C001DC066 /* User.swift in Sources */,
			);
			runOnlyForDeploymentPostprocessing = 0;
		};
		5ACCC0B223E89E3F009B3B49 /* Sources */ = {
			isa = PBXSourcesBuildPhase;
			buildActionMask = 2147483647;
			files = (
				5ACCC0BB23E89E3F009B3B49 /* CinetopzassoTests.swift in Sources */,
			);
			runOnlyForDeploymentPostprocessing = 0;
		};
/* End PBXSourcesBuildPhase section */

/* Begin PBXTargetDependency section */
		5ACCC0B823E89E3F009B3B49 /* PBXTargetDependency */ = {
			isa = PBXTargetDependency;
			target = 5ACCC09F23E89E3D009B3B49 /* Cinetopzasso */;
			targetProxy = 5ACCC0B723E89E3F009B3B49 /* PBXContainerItemProxy */;
		};
/* End PBXTargetDependency section */

/* Begin XCBuildConfiguration section */
		5ACCC0BD23E89E3F009B3B49 /* Debug */ = {
			isa = XCBuildConfiguration;
			buildSettings = {
				ALWAYS_SEARCH_USER_PATHS = NO;
				CLANG_ANALYZER_NONNULL = YES;
				CLANG_ANALYZER_NUMBER_OBJECT_CONVERSION = YES_AGGRESSIVE;
				CLANG_CXX_LANGUAGE_STANDARD = "gnu++14";
				CLANG_CXX_LIBRARY = "libc++";
				CLANG_ENABLE_MODULES = YES;
				CLANG_ENABLE_OBJC_ARC = YES;
				CLANG_ENABLE_OBJC_WEAK = YES;
				CLANG_WARN_BLOCK_CAPTURE_AUTORELEASING = YES;
				CLANG_WARN_BOOL_CONVERSION = YES;
				CLANG_WARN_COMMA = YES;
				CLANG_WARN_CONSTANT_CONVERSION = YES;
				CLANG_WARN_DEPRECATED_OBJC_IMPLEMENTATIONS = YES;
				CLANG_WARN_DIRECT_OBJC_ISA_USAGE = YES_ERROR;
				CLANG_WARN_DOCUMENTATION_COMMENTS = YES;
				CLANG_WARN_EMPTY_BODY = YES;
				CLANG_WARN_ENUM_CONVERSION = YES;
				CLANG_WARN_INFINITE_RECURSION = YES;
				CLANG_WARN_INT_CONVERSION = YES;
				CLANG_WARN_NON_LITERAL_NULL_CONVERSION = YES;
				CLANG_WARN_OBJC_IMPLICIT_RETAIN_SELF = YES;
				CLANG_WARN_OBJC_LITERAL_CONVERSION = YES;
				CLANG_WARN_OBJC_ROOT_CLASS = YES_ERROR;
				CLANG_WARN_RANGE_LOOP_ANALYSIS = YES;
				CLANG_WARN_STRICT_PROTOTYPES = YES;
				CLANG_WARN_SUSPICIOUS_MOVE = YES;
				CLANG_WARN_UNGUARDED_AVAILABILITY = YES_AGGRESSIVE;
				CLANG_WARN_UNREACHABLE_CODE = YES;
				CLANG_WARN__DUPLICATE_METHOD_MATCH = YES;
				COPY_PHASE_STRIP = NO;
				DEBUG_INFORMATION_FORMAT = dwarf;
				ENABLE_STRICT_OBJC_MSGSEND = YES;
				ENABLE_TESTABILITY = YES;
				GCC_C_LANGUAGE_STANDARD = gnu11;
				GCC_DYNAMIC_NO_PIC = NO;
				GCC_NO_COMMON_BLOCKS = YES;
				GCC_OPTIMIZATION_LEVEL = 0;
				GCC_PREPROCESSOR_DEFINITIONS = (
					"DEBUG=1",
					"$(inherited)",
				);
				GCC_WARN_64_TO_32_BIT_CONVERSION = YES;
				GCC_WARN_ABOUT_RETURN_TYPE = YES_ERROR;
				GCC_WARN_UNDECLARED_SELECTOR = YES;
				GCC_WARN_UNINITIALIZED_AUTOS = YES_AGGRESSIVE;
				GCC_WARN_UNUSED_FUNCTION = YES;
				GCC_WARN_UNUSED_VARIABLE = YES;
				IPHONEOS_DEPLOYMENT_TARGET = 13.2;
				MTL_ENABLE_DEBUG_INFO = INCLUDE_SOURCE;
				MTL_FAST_MATH = YES;
				ONLY_ACTIVE_ARCH = YES;
				SDKROOT = iphoneos;
				SWIFT_ACTIVE_COMPILATION_CONDITIONS = DEBUG;
				SWIFT_OPTIMIZATION_LEVEL = "-Onone";
			};
			name = Debug;
		};
		5ACCC0BE23E89E3F009B3B49 /* Release */ = {
			isa = XCBuildConfiguration;
			buildSettings = {
				ALWAYS_SEARCH_USER_PATHS = NO;
				CLANG_ANALYZER_NONNULL = YES;
				CLANG_ANALYZER_NUMBER_OBJECT_CONVERSION = YES_AGGRESSIVE;
				CLANG_CXX_LANGUAGE_STANDARD = "gnu++14";
				CLANG_CXX_LIBRARY = "libc++";
				CLANG_ENABLE_MODULES = YES;
				CLANG_ENABLE_OBJC_ARC = YES;
				CLANG_ENABLE_OBJC_WEAK = YES;
				CLANG_WARN_BLOCK_CAPTURE_AUTORELEASING = YES;
				CLANG_WARN_BOOL_CONVERSION = YES;
				CLANG_WARN_COMMA = YES;
				CLANG_WARN_CONSTANT_CONVERSION = YES;
				CLANG_WARN_DEPRECATED_OBJC_IMPLEMENTATIONS = YES;
				CLANG_WARN_DIRECT_OBJC_ISA_USAGE = YES_ERROR;
				CLANG_WARN_DOCUMENTATION_COMMENTS = YES;
				CLANG_WARN_EMPTY_BODY = YES;
				CLANG_WARN_ENUM_CONVERSION = YES;
				CLANG_WARN_INFINITE_RECURSION = YES;
				CLANG_WARN_INT_CONVERSION = YES;
				CLANG_WARN_NON_LITERAL_NULL_CONVERSION = YES;
				CLANG_WARN_OBJC_IMPLICIT_RETAIN_SELF = YES;
				CLANG_WARN_OBJC_LITERAL_CONVERSION = YES;
				CLANG_WARN_OBJC_ROOT_CLASS = YES_ERROR;
				CLANG_WARN_RANGE_LOOP_ANALYSIS = YES;
				CLANG_WARN_STRICT_PROTOTYPES = YES;
				CLANG_WARN_SUSPICIOUS_MOVE = YES;
				CLANG_WARN_UNGUARDED_AVAILABILITY = YES_AGGRESSIVE;
				CLANG_WARN_UNREACHABLE_CODE = YES;
				CLANG_WARN__DUPLICATE_METHOD_MATCH = YES;
				COPY_PHASE_STRIP = NO;
				DEBUG_INFORMATION_FORMAT = "dwarf-with-dsym";
				ENABLE_NS_ASSERTIONS = NO;
				ENABLE_STRICT_OBJC_MSGSEND = YES;
				GCC_C_LANGUAGE_STANDARD = gnu11;
				GCC_NO_COMMON_BLOCKS = YES;
				GCC_WARN_64_TO_32_BIT_CONVERSION = YES;
				GCC_WARN_ABOUT_RETURN_TYPE = YES_ERROR;
				GCC_WARN_UNDECLARED_SELECTOR = YES;
				GCC_WARN_UNINITIALIZED_AUTOS = YES_AGGRESSIVE;
				GCC_WARN_UNUSED_FUNCTION = YES;
				GCC_WARN_UNUSED_VARIABLE = YES;
				IPHONEOS_DEPLOYMENT_TARGET = 13.2;
				MTL_ENABLE_DEBUG_INFO = NO;
				MTL_FAST_MATH = YES;
				SDKROOT = iphoneos;
				SWIFT_COMPILATION_MODE = wholemodule;
				SWIFT_OPTIMIZATION_LEVEL = "-O";
				VALIDATE_PRODUCT = YES;
			};
			name = Release;
		};
		5ACCC0C023E89E3F009B3B49 /* Debug */ = {
			isa = XCBuildConfiguration;
			baseConfigurationReference = 22130E501AF685B9B1D05781 /* Pods-Cinetopzasso.debug.xcconfig */;
			buildSettings = {
				ASSETCATALOG_COMPILER_APPICON_NAME = AppIcon;
				CODE_SIGN_STYLE = Automatic;
				INFOPLIST_FILE = Cinetopzasso/Info.plist;
				IPHONEOS_DEPLOYMENT_TARGET = 13.2;
				LD_RUNPATH_SEARCH_PATHS = (
					"$(inherited)",
					"@executable_path/Frameworks",
				);
				PRODUCT_BUNDLE_IDENTIFIER = br.com.mbarone.Cinetopzasso;
				PRODUCT_NAME = "$(TARGET_NAME)";
				SWIFT_VERSION = 5.0;
				TARGETED_DEVICE_FAMILY = "1,2";
			};
			name = Debug;
		};
		5ACCC0C123E89E3F009B3B49 /* Release */ = {
			isa = XCBuildConfiguration;
			baseConfigurationReference = AA5AA4FFB2679B7C9B426884 /* Pods-Cinetopzasso.release.xcconfig */;
			buildSettings = {
				ASSETCATALOG_COMPILER_APPICON_NAME = AppIcon;
				CODE_SIGN_STYLE = Automatic;
				INFOPLIST_FILE = Cinetopzasso/Info.plist;
				IPHONEOS_DEPLOYMENT_TARGET = 13.2;
				LD_RUNPATH_SEARCH_PATHS = (
					"$(inherited)",
					"@executable_path/Frameworks",
				);
				PRODUCT_BUNDLE_IDENTIFIER = br.com.mbarone.Cinetopzasso;
				PRODUCT_NAME = "$(TARGET_NAME)";
				SWIFT_VERSION = 5.0;
				TARGETED_DEVICE_FAMILY = "1,2";
			};
			name = Release;
		};
		5ACCC0C323E89E3F009B3B49 /* Debug */ = {
			isa = XCBuildConfiguration;
			baseConfigurationReference = 153F0993CF95C76800B9F93B /* Pods-CinetopzassoTests.debug.xcconfig */;
			buildSettings = {
				ALWAYS_EMBED_SWIFT_STANDARD_LIBRARIES = YES;
				BUNDLE_LOADER = "$(TEST_HOST)";
				CODE_SIGN_STYLE = Automatic;
				INFOPLIST_FILE = CinetopzassoTests/Info.plist;
				IPHONEOS_DEPLOYMENT_TARGET = 13.2;
				LD_RUNPATH_SEARCH_PATHS = (
					"$(inherited)",
					"@executable_path/Frameworks",
					"@loader_path/Frameworks",
				);
				PRODUCT_BUNDLE_IDENTIFIER = br.com.mbarone.CinetopzassoTests;
				PRODUCT_NAME = "$(TARGET_NAME)";
				SWIFT_VERSION = 5.0;
				TARGETED_DEVICE_FAMILY = "1,2";
				TEST_HOST = "$(BUILT_PRODUCTS_DIR)/Cinetopzasso.app/Cinetopzasso";
			};
			name = Debug;
		};
		5ACCC0C423E89E3F009B3B49 /* Release */ = {
			isa = XCBuildConfiguration;
			baseConfigurationReference = 615220A28365B43A982D9852 /* Pods-CinetopzassoTests.release.xcconfig */;
			buildSettings = {
				ALWAYS_EMBED_SWIFT_STANDARD_LIBRARIES = YES;
				BUNDLE_LOADER = "$(TEST_HOST)";
				CODE_SIGN_STYLE = Automatic;
				INFOPLIST_FILE = CinetopzassoTests/Info.plist;
				IPHONEOS_DEPLOYMENT_TARGET = 13.2;
				LD_RUNPATH_SEARCH_PATHS = (
					"$(inherited)",
					"@executable_path/Frameworks",
					"@loader_path/Frameworks",
				);
				PRODUCT_BUNDLE_IDENTIFIER = br.com.mbarone.CinetopzassoTests;
				PRODUCT_NAME = "$(TARGET_NAME)";
				SWIFT_VERSION = 5.0;
				TARGETED_DEVICE_FAMILY = "1,2";
				TEST_HOST = "$(BUILT_PRODUCTS_DIR)/Cinetopzasso.app/Cinetopzasso";
			};
			name = Release;
		};
/* End XCBuildConfiguration section */

/* Begin XCConfigurationList section */
		5ACCC09B23E89E3D009B3B49 /* Build configuration list for PBXProject "Cinetopzasso" */ = {
			isa = XCConfigurationList;
			buildConfigurations = (
				5ACCC0BD23E89E3F009B3B49 /* Debug */,
				5ACCC0BE23E89E3F009B3B49 /* Release */,
			);
			defaultConfigurationIsVisible = 0;
			defaultConfigurationName = Release;
		};
		5ACCC0BF23E89E3F009B3B49 /* Build configuration list for PBXNativeTarget "Cinetopzasso" */ = {
			isa = XCConfigurationList;
			buildConfigurations = (
				5ACCC0C023E89E3F009B3B49 /* Debug */,
				5ACCC0C123E89E3F009B3B49 /* Release */,
			);
			defaultConfigurationIsVisible = 0;
			defaultConfigurationName = Release;
		};
		5ACCC0C223E89E3F009B3B49 /* Build configuration list for PBXNativeTarget "CinetopzassoTests" */ = {
			isa = XCConfigurationList;
			buildConfigurations = (
				5ACCC0C323E89E3F009B3B49 /* Debug */,
				5ACCC0C423E89E3F009B3B49 /* Release */,
			);
			defaultConfigurationIsVisible = 0;
			defaultConfigurationName = Release;
		};
/* End XCConfigurationList section */
	};
	rootObject = 5ACCC09823E89E3D009B3B49 /* Project object */;
}
