// !$*UTF8*$!
{
	archiveVersion = 1;
	classes = {
	};
	objectVersion = 50;
	objects = {

/* Begin PBXBuildFile section */
		5ACCC0A423E89E3D009B3B49 /* AppDelegate.swift in Sources */ = {isa = PBXBuildFile; fileRef = 5ACCC0A323E89E3D009B3B49 /* AppDelegate.swift */; };
		5ACCC0A623E89E3D009B3B49 /* SceneDelegate.swift in Sources */ = {isa = PBXBuildFile; fileRef = 5ACCC0A523E89E3D009B3B49 /* SceneDelegate.swift */; };
		5ACCC0A823E89E3D009B3B49 /* ViewController.swift in Sources */ = {isa = PBXBuildFile; fileRef = 5ACCC0A723E89E3D009B3B49 /* ViewController.swift */; };
		5ACCC0AD23E89E3E009B3B49 /* Assets.xcassets in Resources */ = {isa = PBXBuildFile; fileRef = 5ACCC0AC23E89E3E009B3B49 /* Assets.xcassets */; };
		5ACCC0B023E89E3E009B3B49 /* LaunchScreen.storyboard in Resources */ = {isa = PBXBuildFile; fileRef = 5ACCC0AE23E89E3E009B3B49 /* LaunchScreen.storyboard */; };
		5ACCC0BB23E89E3F009B3B49 /* CinetopzassoTests.swift in Sources */ = {isa = PBXBuildFile; fileRef = 5ACCC0BA23E89E3F009B3B49 /* CinetopzassoTests.swift */; };
		5ACCC0C823E89E8C009B3B49 /* LoginViewController.swift in Sources */ = {isa = PBXBuildFile; fileRef = 5ACCC0C623E89E8C009B3B49 /* LoginViewController.swift */; };
		5ACCC0C923E89E8C009B3B49 /* LoginViewController.xib in Resources */ = {isa = PBXBuildFile; fileRef = 5ACCC0C723E89E8C009B3B49 /* LoginViewController.xib */; };
		5ACCC0CF23E8B37D009B3B49 /* ForgotPasswordViewController.swift in Sources */ = {isa = PBXBuildFile; fileRef = 5ACCC0CD23E8B37D009B3B49 /* ForgotPasswordViewController.swift */; };
		5ACCC0D023E8B37D009B3B49 /* ForgotPasswordViewController.xib in Resources */ = {isa = PBXBuildFile; fileRef = 5ACCC0CE23E8B37D009B3B49 /* ForgotPasswordViewController.xib */; };
		5ACCC0D523E8B39F009B3B49 /* RegisterViewController.swift in Sources */ = {isa = PBXBuildFile; fileRef = 5ACCC0D323E8B39F009B3B49 /* RegisterViewController.swift */; };
		5ACCC0D623E8B39F009B3B49 /* RegisterViewController.xib in Resources */ = {isa = PBXBuildFile; fileRef = 5ACCC0D423E8B39F009B3B49 /* RegisterViewController.xib */; };
/* End PBXBuildFile section */

/* Begin PBXContainerItemProxy section */
		5ACCC0B723E89E3F009B3B49 /* PBXContainerItemProxy */ = {
			isa = PBXContainerItemProxy;
			containerPortal = 5ACCC09823E89E3D009B3B49 /* Project object */;
			proxyType = 1;
			remoteGlobalIDString = 5ACCC09F23E89E3D009B3B49;
			remoteInfo = Cinetopzasso;
		};
/* End PBXContainerItemProxy section */

/* Begin PBXFileReference section */
		5ACCC0A023E89E3D009B3B49 /* Cinetopzasso.app */ = {isa = PBXFileReference; explicitFileType = wrapper.application; includeInIndex = 0; path = Cinetopzasso.app; sourceTree = BUILT_PRODUCTS_DIR; };
		5ACCC0A323E89E3D009B3B49 /* AppDelegate.swift */ = {isa = PBXFileReference; lastKnownFileType = sourcecode.swift; path = AppDelegate.swift; sourceTree = "<group>"; };
		5ACCC0A523E89E3D009B3B49 /* SceneDelegate.swift */ = {isa = PBXFileReference; lastKnownFileType = sourcecode.swift; path = SceneDelegate.swift; sourceTree = "<group>"; };
		5ACCC0A723E89E3D009B3B49 /* ViewController.swift */ = {isa = PBXFileReference; lastKnownFileType = sourcecode.swift; path = ViewController.swift; sourceTree = "<group>"; };
		5ACCC0AC23E89E3E009B3B49 /* Assets.xcassets */ = {isa = PBXFileReference; lastKnownFileType = folder.assetcatalog; path = Assets.xcassets; sourceTree = "<group>"; };
		5ACCC0AF23E89E3E009B3B49 /* Base */ = {isa = PBXFileReference; lastKnownFileType = file.storyboard; name = Base; path = Base.lproj/LaunchScreen.storyboard; sourceTree = "<group>"; };
		5ACCC0B123E89E3E009B3B49 /* Info.plist */ = {isa = PBXFileReference; lastKnownFileType = text.plist.xml; path = Info.plist; sourceTree = "<group>"; };
		5ACCC0B623E89E3F009B3B49 /* CinetopzassoTests.xctest */ = {isa = PBXFileReference; explicitFileType = wrapper.cfbundle; includeInIndex = 0; path = CinetopzassoTests.xctest; sourceTree = BUILT_PRODUCTS_DIR; };
		5ACCC0BA23E89E3F009B3B49 /* CinetopzassoTests.swift */ = {isa = PBXFileReference; lastKnownFileType = sourcecode.swift; path = CinetopzassoTests.swift; sourceTree = "<group>"; };
		5ACCC0BC23E89E3F009B3B49 /* Info.plist */ = {isa = PBXFileReference; lastKnownFileType = text.plist.xml; path = Info.plist; sourceTree = "<group>"; };
		5ACCC0C623E89E8C009B3B49 /* LoginViewController.swift */ = {isa = PBXFileReference; lastKnownFileType = sourcecode.swift; path = LoginViewController.swift; sourceTree = "<group>"; };
		5ACCC0C723E89E8C009B3B49 /* LoginViewController.xib */ = {isa = PBXFileReference; lastKnownFileType = file.xib; path = LoginViewController.xib; sourceTree = "<group>"; };
		5ACCC0CD23E8B37D009B3B49 /* ForgotPasswordViewController.swift */ = {isa = PBXFileReference; lastKnownFileType = sourcecode.swift; path = ForgotPasswordViewController.swift; sourceTree = "<group>"; };
		5ACCC0CE23E8B37D009B3B49 /* ForgotPasswordViewController.xib */ = {isa = PBXFileReference; lastKnownFileType = file.xib; path = ForgotPasswordViewController.xib; sourceTree = "<group>"; };
		5ACCC0D323E8B39F009B3B49 /* RegisterViewController.swift */ = {isa = PBXFileReference; lastKnownFileType = sourcecode.swift; path = RegisterViewController.swift; sourceTree = "<group>"; };
		5ACCC0D423E8B39F009B3B49 /* RegisterViewController.xib */ = {isa = PBXFileReference; lastKnownFileType = file.xib; path = RegisterViewController.xib; sourceTree = "<group>"; };
/* End PBXFileReference section */

/* Begin PBXFrameworksBuildPhase section */
		5ACCC09D23E89E3D009B3B49 /* Frameworks */ = {
			isa = PBXFrameworksBuildPhase;
			buildActionMask = 2147483647;
			files = (
			);
			runOnlyForDeploymentPostprocessing = 0;
		};
		5ACCC0B323E89E3F009B3B49 /* Frameworks */ = {
			isa = PBXFrameworksBuildPhase;
			buildActionMask = 2147483647;
			files = (
			);
			runOnlyForDeploymentPostprocessing = 0;
		};
/* End PBXFrameworksBuildPhase section */

/* Begin PBXGroup section */
		5ACCC09723E89E3D009B3B49 = {
			isa = PBXGroup;
			children = (
				5ACCC0A223E89E3D009B3B49 /* Cinetopzasso */,
				5ACCC0B923E89E3F009B3B49 /* CinetopzassoTests */,
				5ACCC0A123E89E3D009B3B49 /* Products */,
			);
			sourceTree = "<group>";
		};
		5ACCC0A123E89E3D009B3B49 /* Products */ = {
			isa = PBXGroup;
			children = (
				5ACCC0A023E89E3D009B3B49 /* Cinetopzasso.app */,
				5ACCC0B623E89E3F009B3B49 /* CinetopzassoTests.xctest */,
			);
			name = Products;
			sourceTree = "<group>";
		};
		5ACCC0A223E89E3D009B3B49 /* Cinetopzasso */ = {
			isa = PBXGroup;
			children = (
				5ACCC0C523E89E7C009B3B49 /* Login */,
				5ACCC0A323E89E3D009B3B49 /* AppDelegate.swift */,
				5ACCC0A523E89E3D009B3B49 /* SceneDelegate.swift */,
				5ACCC0A723E89E3D009B3B49 /* ViewController.swift */,
				5ACCC0AC23E89E3E009B3B49 /* Assets.xcassets */,
				5ACCC0AE23E89E3E009B3B49 /* LaunchScreen.storyboard */,
				5ACCC0B123E89E3E009B3B49 /* Info.plist */,
			);
			path = Cinetopzasso;
			sourceTree = "<group>";
		};
		5ACCC0B923E89E3F009B3B49 /* CinetopzassoTests */ = {
			isa = PBXGroup;
			children = (
				5ACCC0BA23E89E3F009B3B49 /* CinetopzassoTests.swift */,
				5ACCC0BC23E89E3F009B3B49 /* Info.plist */,
			);
			path = CinetopzassoTests;
			sourceTree = "<group>";
		};
		5ACCC0C523E89E7C009B3B49 /* Login */ = {
			isa = PBXGroup;
			children = (
				5ACCC0CC23E8B35E009B3B49 /* Login */,
				5ACCC0CA23E8B32E009B3B49 /* ForgotPassword */,
				5ACCC0CB23E8B33B009B3B49 /* Register */,
			);
			path = Login;
			sourceTree = "<group>";
		};
		5ACCC0CA23E8B32E009B3B49 /* ForgotPassword */ = {
			isa = PBXGroup;
			children = (
				5ACCC0CD23E8B37D009B3B49 /* ForgotPasswordViewController.swift */,
				5ACCC0CE23E8B37D009B3B49 /* ForgotPasswordViewController.xib */,
			);
			path = ForgotPassword;
			sourceTree = "<group>";
		};
		5ACCC0CB23E8B33B009B3B49 /* Register */ = {
			isa = PBXGroup;
			children = (
				5ACCC0D323E8B39F009B3B49 /* RegisterViewController.swift */,
				5ACCC0D423E8B39F009B3B49 /* RegisterViewController.xib */,
			);
			path = Register;
			sourceTree = "<group>";
		};
		5ACCC0CC23E8B35E009B3B49 /* Login */ = {
			isa = PBXGroup;
			children = (
				5ACCC0C623E89E8C009B3B49 /* LoginViewController.swift */,
				5ACCC0C723E89E8C009B3B49 /* LoginViewController.xib */,
			);
			path = Login;
			sourceTree = "<group>";
		};
/* End PBXGroup section */

/* Begin PBXNativeTarget section */
		5ACCC09F23E89E3D009B3B49 /* Cinetopzasso */ = {
			isa = PBXNativeTarget;
			buildConfigurationList = 5ACCC0BF23E89E3F009B3B49 /* Build configuration list for PBXNativeTarget "Cinetopzasso" */;
			buildPhases = (
				5ACCC09C23E89E3D009B3B49 /* Sources */,
				5ACCC09D23E89E3D009B3B49 /* Frameworks */,
				5ACCC09E23E89E3D009B3B49 /* Resources */,
			);
			buildRules = (
			);
			dependencies = (
			);
			name = Cinetopzasso;
			productName = Cinetopzasso;
			productReference = 5ACCC0A023E89E3D009B3B49 /* Cinetopzasso.app */;
			productType = "com.apple.product-type.application";
		};
		5ACCC0B523E89E3F009B3B49 /* CinetopzassoTests */ = {
			isa = PBXNativeTarget;
			buildConfigurationList = 5ACCC0C223E89E3F009B3B49 /* Build configuration list for PBXNativeTarget "CinetopzassoTests" */;
			buildPhases = (
				5ACCC0B223E89E3F009B3B49 /* Sources */,
				5ACCC0B323E89E3F009B3B49 /* Frameworks */,
				5ACCC0B423E89E3F009B3B49 /* Resources */,
			);
			buildRules = (
			);
			dependencies = (
				5ACCC0B823E89E3F009B3B49 /* PBXTargetDependency */,
			);
			name = CinetopzassoTests;
			productName = CinetopzassoTests;
			productReference = 5ACCC0B623E89E3F009B3B49 /* CinetopzassoTests.xctest */;
			productType = "com.apple.product-type.bundle.unit-test";
		};
/* End PBXNativeTarget section */

/* Begin PBXProject section */
		5ACCC09823E89E3D009B3B49 /* Project object */ = {
			isa = PBXProject;
			attributes = {
				LastSwiftUpdateCheck = 1130;
				LastUpgradeCheck = 1130;
				ORGANIZATIONNAME = "Miguel Barone - MBA";
				TargetAttributes = {
					5ACCC09F23E89E3D009B3B49 = {
						CreatedOnToolsVersion = 11.3;
					};
					5ACCC0B523E89E3F009B3B49 = {
						CreatedOnToolsVersion = 11.3;
						TestTargetID = 5ACCC09F23E89E3D009B3B49;
					};
				};
			};
			buildConfigurationList = 5ACCC09B23E89E3D009B3B49 /* Build configuration list for PBXProject "Cinetopzasso" */;
			compatibilityVersion = "Xcode 9.3";
			developmentRegion = en;
			hasScannedForEncodings = 0;
			knownRegions = (
				en,
				Base,
			);
			mainGroup = 5ACCC09723E89E3D009B3B49;
			productRefGroup = 5ACCC0A123E89E3D009B3B49 /* Products */;
			projectDirPath = "";
			projectRoot = "";
			targets = (
				5ACCC09F23E89E3D009B3B49 /* Cinetopzasso */,
				5ACCC0B523E89E3F009B3B49 /* CinetopzassoTests */,
			);
		};
/* End PBXProject section */

/* Begin PBXResourcesBuildPhase section */
		5ACCC09E23E89E3D009B3B49 /* Resources */ = {
			isa = PBXResourcesBuildPhase;
			buildActionMask = 2147483647;
			files = (
				5ACCC0D023E8B37D009B3B49 /* ForgotPasswordViewController.xib in Resources */,
				5ACCC0D623E8B39F009B3B49 /* RegisterViewController.xib in Resources */,
				5ACCC0B023E89E3E009B3B49 /* LaunchScreen.storyboard in Resources */,
				5ACCC0AD23E89E3E009B3B49 /* Assets.xcassets in Resources */,
				5ACCC0C923E89E8C009B3B49 /* LoginViewController.xib in Resources */,
			);
			runOnlyForDeploymentPostprocessing = 0;
		};
		5ACCC0B423E89E3F009B3B49 /* Resources */ = {
			isa = PBXResourcesBuildPhase;
			buildActionMask = 2147483647;
			files = (
			);
			runOnlyForDeploymentPostprocessing = 0;
		};
/* End PBXResourcesBuildPhase section */

/* Begin PBXSourcesBuildPhase section */
		5ACCC09C23E89E3D009B3B49 /* Sources */ = {
			isa = PBXSourcesBuildPhase;
			buildActionMask = 2147483647;
			files = (
				5ACCC0C823E89E8C009B3B49 /* LoginViewController.swift in Sources */,
				5ACCC0CF23E8B37D009B3B49 /* ForgotPasswordViewController.swift in Sources */,
				5ACCC0A823E89E3D009B3B49 /* ViewController.swift in Sources */,
				5ACCC0D523E8B39F009B3B49 /* RegisterViewController.swift in Sources */,
				5ACCC0A423E89E3D009B3B49 /* AppDelegate.swift in Sources */,
				5ACCC0A623E89E3D009B3B49 /* SceneDelegate.swift in Sources */,
			);
			runOnlyForDeploymentPostprocessing = 0;
		};
		5ACCC0B223E89E3F009B3B49 /* Sources */ = {
			isa = PBXSourcesBuildPhase;
			buildActionMask = 2147483647;
			files = (
				5ACCC0BB23E89E3F009B3B49 /* CinetopzassoTests.swift in Sources */,
			);
			runOnlyForDeploymentPostprocessing = 0;
		};
/* End PBXSourcesBuildPhase section */

/* Begin PBXTargetDependency section */
		5ACCC0B823E89E3F009B3B49 /* PBXTargetDependency */ = {
			isa = PBXTargetDependency;
			target = 5ACCC09F23E89E3D009B3B49 /* Cinetopzasso */;
			targetProxy = 5ACCC0B723E89E3F009B3B49 /* PBXContainerItemProxy */;
		};
/* End PBXTargetDependency section */

/* Begin PBXVariantGroup section */
		5ACCC0AE23E89E3E009B3B49 /* LaunchScreen.storyboard */ = {
			isa = PBXVariantGroup;
			children = (
				5ACCC0AF23E89E3E009B3B49 /* Base */,
			);
			name = LaunchScreen.storyboard;
			sourceTree = "<group>";
		};
/* End PBXVariantGroup section */

/* Begin XCBuildConfiguration section */
		5ACCC0BD23E89E3F009B3B49 /* Debug */ = {
			isa = XCBuildConfiguration;
			buildSettings = {
				ALWAYS_SEARCH_USER_PATHS = NO;
				CLANG_ANALYZER_NONNULL = YES;
				CLANG_ANALYZER_NUMBER_OBJECT_CONVERSION = YES_AGGRESSIVE;
				CLANG_CXX_LANGUAGE_STANDARD = "gnu++14";
				CLANG_CXX_LIBRARY = "libc++";
				CLANG_ENABLE_MODULES = YES;
				CLANG_ENABLE_OBJC_ARC = YES;
				CLANG_ENABLE_OBJC_WEAK = YES;
				CLANG_WARN_BLOCK_CAPTURE_AUTORELEASING = YES;
				CLANG_WARN_BOOL_CONVERSION = YES;
				CLANG_WARN_COMMA = YES;
				CLANG_WARN_CONSTANT_CONVERSION = YES;
				CLANG_WARN_DEPRECATED_OBJC_IMPLEMENTATIONS = YES;
				CLANG_WARN_DIRECT_OBJC_ISA_USAGE = YES_ERROR;
				CLANG_WARN_DOCUMENTATION_COMMENTS = YES;
				CLANG_WARN_EMPTY_BODY = YES;
				CLANG_WARN_ENUM_CONVERSION = YES;
				CLANG_WARN_INFINITE_RECURSION = YES;
				CLANG_WARN_INT_CONVERSION = YES;
				CLANG_WARN_NON_LITERAL_NULL_CONVERSION = YES;
				CLANG_WARN_OBJC_IMPLICIT_RETAIN_SELF = YES;
				CLANG_WARN_OBJC_LITERAL_CONVERSION = YES;
				CLANG_WARN_OBJC_ROOT_CLASS = YES_ERROR;
				CLANG_WARN_RANGE_LOOP_ANALYSIS = YES;
				CLANG_WARN_STRICT_PROTOTYPES = YES;
				CLANG_WARN_SUSPICIOUS_MOVE = YES;
				CLANG_WARN_UNGUARDED_AVAILABILITY = YES_AGGRESSIVE;
				CLANG_WARN_UNREACHABLE_CODE = YES;
				CLANG_WARN__DUPLICATE_METHOD_MATCH = YES;
				COPY_PHASE_STRIP = NO;
				DEBUG_INFORMATION_FORMAT = dwarf;
				ENABLE_STRICT_OBJC_MSGSEND = YES;
				ENABLE_TESTABILITY = YES;
				GCC_C_LANGUAGE_STANDARD = gnu11;
				GCC_DYNAMIC_NO_PIC = NO;
				GCC_NO_COMMON_BLOCKS = YES;
				GCC_OPTIMIZATION_LEVEL = 0;
				GCC_PREPROCESSOR_DEFINITIONS = (
					"DEBUG=1",
					"$(inherited)",
				);
				GCC_WARN_64_TO_32_BIT_CONVERSION = YES;
				GCC_WARN_ABOUT_RETURN_TYPE = YES_ERROR;
				GCC_WARN_UNDECLARED_SELECTOR = YES;
				GCC_WARN_UNINITIALIZED_AUTOS = YES_AGGRESSIVE;
				GCC_WARN_UNUSED_FUNCTION = YES;
				GCC_WARN_UNUSED_VARIABLE = YES;
				IPHONEOS_DEPLOYMENT_TARGET = 13.2;
				MTL_ENABLE_DEBUG_INFO = INCLUDE_SOURCE;
				MTL_FAST_MATH = YES;
				ONLY_ACTIVE_ARCH = YES;
				SDKROOT = iphoneos;
				SWIFT_ACTIVE_COMPILATION_CONDITIONS = DEBUG;
				SWIFT_OPTIMIZATION_LEVEL = "-Onone";
			};
			name = Debug;
		};
		5ACCC0BE23E89E3F009B3B49 /* Release */ = {
			isa = XCBuildConfiguration;
			buildSettings = {
				ALWAYS_SEARCH_USER_PATHS = NO;
				CLANG_ANALYZER_NONNULL = YES;
				CLANG_ANALYZER_NUMBER_OBJECT_CONVERSION = YES_AGGRESSIVE;
				CLANG_CXX_LANGUAGE_STANDARD = "gnu++14";
				CLANG_CXX_LIBRARY = "libc++";
				CLANG_ENABLE_MODULES = YES;
				CLANG_ENABLE_OBJC_ARC = YES;
				CLANG_ENABLE_OBJC_WEAK = YES;
				CLANG_WARN_BLOCK_CAPTURE_AUTORELEASING = YES;
				CLANG_WARN_BOOL_CONVERSION = YES;
				CLANG_WARN_COMMA = YES;
				CLANG_WARN_CONSTANT_CONVERSION = YES;
				CLANG_WARN_DEPRECATED_OBJC_IMPLEMENTATIONS = YES;
				CLANG_WARN_DIRECT_OBJC_ISA_USAGE = YES_ERROR;
				CLANG_WARN_DOCUMENTATION_COMMENTS = YES;
				CLANG_WARN_EMPTY_BODY = YES;
				CLANG_WARN_ENUM_CONVERSION = YES;
				CLANG_WARN_INFINITE_RECURSION = YES;
				CLANG_WARN_INT_CONVERSION = YES;
				CLANG_WARN_NON_LITERAL_NULL_CONVERSION = YES;
				CLANG_WARN_OBJC_IMPLICIT_RETAIN_SELF = YES;
				CLANG_WARN_OBJC_LITERAL_CONVERSION = YES;
				CLANG_WARN_OBJC_ROOT_CLASS = YES_ERROR;
				CLANG_WARN_RANGE_LOOP_ANALYSIS = YES;
				CLANG_WARN_STRICT_PROTOTYPES = YES;
				CLANG_WARN_SUSPICIOUS_MOVE = YES;
				CLANG_WARN_UNGUARDED_AVAILABILITY = YES_AGGRESSIVE;
				CLANG_WARN_UNREACHABLE_CODE = YES;
				CLANG_WARN__DUPLICATE_METHOD_MATCH = YES;
				COPY_PHASE_STRIP = NO;
				DEBUG_INFORMATION_FORMAT = "dwarf-with-dsym";
				ENABLE_NS_ASSERTIONS = NO;
				ENABLE_STRICT_OBJC_MSGSEND = YES;
				GCC_C_LANGUAGE_STANDARD = gnu11;
				GCC_NO_COMMON_BLOCKS = YES;
				GCC_WARN_64_TO_32_BIT_CONVERSION = YES;
				GCC_WARN_ABOUT_RETURN_TYPE = YES_ERROR;
				GCC_WARN_UNDECLARED_SELECTOR = YES;
				GCC_WARN_UNINITIALIZED_AUTOS = YES_AGGRESSIVE;
				GCC_WARN_UNUSED_FUNCTION = YES;
				GCC_WARN_UNUSED_VARIABLE = YES;
				IPHONEOS_DEPLOYMENT_TARGET = 13.2;
				MTL_ENABLE_DEBUG_INFO = NO;
				MTL_FAST_MATH = YES;
				SDKROOT = iphoneos;
				SWIFT_COMPILATION_MODE = wholemodule;
				SWIFT_OPTIMIZATION_LEVEL = "-O";
				VALIDATE_PRODUCT = YES;
			};
			name = Release;
		};
		5ACCC0C023E89E3F009B3B49 /* Debug */ = {
			isa = XCBuildConfiguration;
			buildSettings = {
				ASSETCATALOG_COMPILER_APPICON_NAME = AppIcon;
				CODE_SIGN_STYLE = Automatic;
				INFOPLIST_FILE = Cinetopzasso/Info.plist;
				LD_RUNPATH_SEARCH_PATHS = (
					"$(inherited)",
					"@executable_path/Frameworks",
				);
				PRODUCT_BUNDLE_IDENTIFIER = br.com.mbarone.Cinetopzasso;
				PRODUCT_NAME = "$(TARGET_NAME)";
				SWIFT_VERSION = 5.0;
				TARGETED_DEVICE_FAMILY = "1,2";
			};
			name = Debug;
		};
		5ACCC0C123E89E3F009B3B49 /* Release */ = {
			isa = XCBuildConfiguration;
			buildSettings = {
				ASSETCATALOG_COMPILER_APPICON_NAME = AppIcon;
				CODE_SIGN_STYLE = Automatic;
				INFOPLIST_FILE = Cinetopzasso/Info.plist;
				LD_RUNPATH_SEARCH_PATHS = (
					"$(inherited)",
					"@executable_path/Frameworks",
				);
				PRODUCT_BUNDLE_IDENTIFIER = br.com.mbarone.Cinetopzasso;
				PRODUCT_NAME = "$(TARGET_NAME)";
				SWIFT_VERSION = 5.0;
				TARGETED_DEVICE_FAMILY = "1,2";
			};
			name = Release;
		};
		5ACCC0C323E89E3F009B3B49 /* Debug */ = {
			isa = XCBuildConfiguration;
			buildSettings = {
				ALWAYS_EMBED_SWIFT_STANDARD_LIBRARIES = YES;
				BUNDLE_LOADER = "$(TEST_HOST)";
				CODE_SIGN_STYLE = Automatic;
				INFOPLIST_FILE = CinetopzassoTests/Info.plist;
				IPHONEOS_DEPLOYMENT_TARGET = 13.2;
				LD_RUNPATH_SEARCH_PATHS = (
					"$(inherited)",
					"@executable_path/Frameworks",
					"@loader_path/Frameworks",
				);
				PRODUCT_BUNDLE_IDENTIFIER = br.com.mbarone.CinetopzassoTests;
				PRODUCT_NAME = "$(TARGET_NAME)";
				SWIFT_VERSION = 5.0;
				TARGETED_DEVICE_FAMILY = "1,2";
				TEST_HOST = "$(BUILT_PRODUCTS_DIR)/Cinetopzasso.app/Cinetopzasso";
			};
			name = Debug;
		};
		5ACCC0C423E89E3F009B3B49 /* Release */ = {
			isa = XCBuildConfiguration;
			buildSettings = {
				ALWAYS_EMBED_SWIFT_STANDARD_LIBRARIES = YES;
				BUNDLE_LOADER = "$(TEST_HOST)";
				CODE_SIGN_STYLE = Automatic;
				INFOPLIST_FILE = CinetopzassoTests/Info.plist;
				IPHONEOS_DEPLOYMENT_TARGET = 13.2;
				LD_RUNPATH_SEARCH_PATHS = (
					"$(inherited)",
					"@executable_path/Frameworks",
					"@loader_path/Frameworks",
				);
				PRODUCT_BUNDLE_IDENTIFIER = br.com.mbarone.CinetopzassoTests;
				PRODUCT_NAME = "$(TARGET_NAME)";
				SWIFT_VERSION = 5.0;
				TARGETED_DEVICE_FAMILY = "1,2";
				TEST_HOST = "$(BUILT_PRODUCTS_DIR)/Cinetopzasso.app/Cinetopzasso";
			};
			name = Release;
		};
/* End XCBuildConfiguration section */

/* Begin XCConfigurationList section */
		5ACCC09B23E89E3D009B3B49 /* Build configuration list for PBXProject "Cinetopzasso" */ = {
			isa = XCConfigurationList;
			buildConfigurations = (
				5ACCC0BD23E89E3F009B3B49 /* Debug */,
				5ACCC0BE23E89E3F009B3B49 /* Release */,
			);
			defaultConfigurationIsVisible = 0;
			defaultConfigurationName = Release;
		};
		5ACCC0BF23E89E3F009B3B49 /* Build configuration list for PBXNativeTarget "Cinetopzasso" */ = {
			isa = XCConfigurationList;
			buildConfigurations = (
				5ACCC0C023E89E3F009B3B49 /* Debug */,
				5ACCC0C123E89E3F009B3B49 /* Release */,
			);
			defaultConfigurationIsVisible = 0;
			defaultConfigurationName = Release;
		};
		5ACCC0C223E89E3F009B3B49 /* Build configuration list for PBXNativeTarget "CinetopzassoTests" */ = {
			isa = XCConfigurationList;
			buildConfigurations = (
				5ACCC0C323E89E3F009B3B49 /* Debug */,
				5ACCC0C423E89E3F009B3B49 /* Release */,
			);
			defaultConfigurationIsVisible = 0;
			defaultConfigurationName = Release;
		};
/* End XCConfigurationList section */
	};
	rootObject = 5ACCC09823E89E3D009B3B49 /* Project object */;
}
